
Microsoft Visual Studio Solution File, Format Version 12.00
# Visual Studio 15
Project("{FAE04EC0-301F-11D3-BF4B-00C04F79EFBC}") = "votiingsytem2.0", "votiingsytem2.0\votiingsytem2.0.csproj", "{FC3434E9-1EE4-41A5-884E-B335178837A5}"
EndProject
Global
	GlobalSection(SolutionConfigurationPlatforms) = preSolution
		Debug|Any CPU = Debug|Any CPU
		Release|Any CPU = Release|Any CPU
	EndGlobalSection
	GlobalSection(ProjectConfigurationPlatforms) = postSolution
		{FC3434E9-1EE4-41A5-884E-B335178837A5}.Debug|Any CPU.ActiveCfg = Debug|Any CPU
		{FC3434E9-1EE4-41A5-884E-B335178837A5}.Debug|Any CPU.Build.0 = Debug|Any CPU
		{FC3434E9-1EE4-41A5-884E-B335178837A5}.Release|Any CPU.ActiveCfg = Release|Any CPU
		{FC3434E9-1EE4-41A5-884E-B335178837A5}.Release|Any CPU.Build.0 = Release|Any CPU
	EndGlobalSection
EndGlobal
